github.com/eknkc/basex v1.0.0 h1:R2zGRGJAcqEES03GqHU9leUF5n4Pg6ahazPbSTQWCWc=
github.com/eknkc/basex v1.0.0/go.mod h1:k/F/exNEHFdbs3ZHuasoP2E7zeWwZblG84Y7Z59vQRo=
github.com/hako/branca v0.0.0-20180808000428-10b799466ada h1:RjbRG4Xq2N5UaUUL9/v+yGBhgLgQwlHk582Pr0j0g00=
github.com/hako/branca v0.0.0-20180808000428-10b799466ada/go.mod h1:tOPn4gvKEUWqIJNE+zpTeTALaRAXnrRqqSnPlO3VpEo=
github.com/joho/godotenv v1.3.0 h1:Zjp+RcGpHhGlrMbJzXTrZZPrWj+1vfm90La1wgB6Bhc=
github.com/joho/godotenv v1.3.0/go.mod h1:7hK45KPybAkOC6peb+G5yklZfMxEjkZhHbwpqxOKXbg=
github.com/lib/pq v1.0.0 h1:X5PMW56eZitiTeO7tKzZxFCSpbFZJtkMMooicw2us9A=
github.com/lib/pq v1.0.0/go.mod h1:5WUZQaWbwv1U+lTReE5YruASi9Al49XbQIvNi/34Woo=
github.com/matryer/way v0.0.0-20180416093233-9632d0c407b0 h1:KWiqy3hl8yCUPAq1frD0DKXKyn7d9h2nVhj2r5ISq2o=
github.com/matryer/way v0.0.0-20180416093233-9632d0c407b0/go.mod h1:stiJZfMq1xZPqvIyt2VsYMgLul8vf1nmL0D3KU70dEc=
golang.org/x/crypto v0.0.0-20190228161510-8dd112bcdc25 h1:jsG6UpNLt9iAsb0S2AGW28DveNzzgmbXR+ENoPjUeIU=
golang.org/x/crypto v0.0.0-20190228161510-8dd112bcdc25/go.mod h1:djNgcEr1/C05ACkg1iLfiJU5Ep61QUkGW8qpdssI0+w=
golang.org/x/sys v0.0.0-20190215142949-d0b11bdaac8a h1:1BGLXjeY4akVXGgbC9HugT3Jv3hCI0z56oJR5vAMgBU=
golang.org/x/sys v0.0.0-20190215142949-d0b11bdaac8a/go.mod h1:STP8DvDyc/dI5b8T5hshtkjS+E42TnysNCUPdjciGhY=
