# This file is autogenerated, do not edit; changes may be undone by the next 'dep ensure'.


[[projects]]
  digest = "1:70e697d67ccaec45e16bac3a32380ebcd9e7e071079c60d0171d42cf1cf9748a"
  name = "github.com/joho/godotenv"
  packages = ["."]
  pruneopts = "UT"
  revision = "a79fa1e548e2c689c241d10173efd51e5d689d5b"
  version = "v1.2.0"

[[projects]]
  branch = "master"
  digest = "1:393e6ecc1bb02ec30aa5bbe83756fc7423cd5f404b81a41deb04a9eb648c73fc"
  name = "github.com/knq/jwt"
  packages = ["."]
  pruneopts = "UT"
  revision = "b171e76ef80432a5f261ff6e695b63bbdb17e2c8"

[[projects]]
  branch = "master"
  digest = "1:6866fc4160284073ee63525fc9e2cdef043a26892574340f71b4add734232853"
  name = "github.com/lib/pq"
  packages = [
    ".",
    "oid",
  ]
  pruneopts = "UT"
  revision = "90697d60dd844d5ef6ff15135d0203f65d2f53b8"

[[projects]]
  branch = "master"
  digest = "1:c86f7ade80bbf53dfd95d388a1f24f562613775af71a8b75daad4f2968b144e3"
  name = "github.com/matryer/way"
  packages = ["."]
  pruneopts = "UT"
  revision = "9632d0c407b008073d19d0c4da1e0fc3e9477508"

[solve-meta]
  analyzer-name = "dep"
  analyzer-version = 1
  input-imports = [
    "github.com/joho/godotenv",
    "github.com/knq/jwt",
    "github.com/lib/pq",
    "github.com/matryer/way",
  ]
  solver-name = "gps-cdcl"
  solver-version = 1
